
Microsoft Visual Studio Solution File, Format Version 12.00
# Visual Studio Version 17
VisualStudioVersion = 17.9.34622.214
MinimumVisualStudioVersion = 10.0.40219.1
Project("{FAE04EC0-301F-11D3-BF4B-00C04F79EFBC}") = "ListaDeClientesCRUD", "ListaDeClientesCRUD\ListaDeClientesCRUD.csproj", "{00AB804E-8A38-4B4D-86E6-46C8DBB2B3D2}"
EndProject
Global
	GlobalSection(SolutionConfigurationPlatforms) = preSolution
		Debug|Any CPU = Debug|Any CPU
		Release|Any CPU = Release|Any CPU
	EndGlobalSection
	GlobalSection(ProjectConfigurationPlatforms) = postSolution
		{00AB804E-8A38-4B4D-86E6-46C8DBB2B3D2}.Debug|Any CPU.ActiveCfg = Debug|Any CPU
		{00AB804E-8A38-4B4D-86E6-46C8DBB2B3D2}.Debug|Any CPU.Build.0 = Debug|Any CPU
		{00AB804E-8A38-4B4D-86E6-46C8DBB2B3D2}.Release|Any CPU.ActiveCfg = Release|Any CPU
		{00AB804E-8A38-4B4D-86E6-46C8DBB2B3D2}.Release|Any CPU.Build.0 = Release|Any CPU
	EndGlobalSection
	GlobalSection(SolutionProperties) = preSolution
		HideSolutionNode = FALSE
	EndGlobalSection
	GlobalSection(ExtensibilityGlobals) = postSolution
		SolutionGuid = {8740DC90-5EF7-480E-BF4D-CE2DE378FCC4}
	EndGlobalSection
EndGlobal
